
Microsoft Visual Studio Solution File, Format Version 12.00
# Visual Studio 15
VisualStudioVersion = 15.0.27703.2026
MinimumVisualStudioVersion = 10.0.40219.1
Project("{2150E333-8FDC-42A3-9474-1A3956D46DE8}") = "01.Infrastructure", "01.Infrastructure", "{FB63EB18-788F-4F7E-8FDA-2AD1B948D077}"
EndProject
Project("{2150E333-8FDC-42A3-9474-1A3956D46DE8}") = "02.Domain", "02.Domain", "{274CD71E-136A-4B0E-A31A-832BC62DC843}"
EndProject
Project("{2150E333-8FDC-42A3-9474-1A3956D46DE8}") = "03.Application", "03.Application", "{1AC8F43B-578F-44FD-9EA2-C363A6018332}"
EndProject
Project("{2150E333-8FDC-42A3-9474-1A3956D46DE8}") = "05.Presentation", "05.Presentation", "{40736A18-06E6-4019-873D-6B1959E3AB94}"
EndProject
Project("{2150E333-8FDC-42A3-9474-1A3956D46DE8}") = "04.SurgingServices", "04.SurgingServices", "{0FB5675C-38B9-48A7-B264-F75B360175D4}"
EndProject
Project("{2150E333-8FDC-42A3-9474-1A3956D46DE8}") = "Order", "Order", "{39FBF026-821F-4CAD-9BD8-13DE849F3E9D}"
EndProject
Project("{9A19103F-16F7-4668-BE54-9A1E7A4F7556}") = "IOrderApplication", "IOrderApplication\IOrderApplication.csproj", "{68F01FF0-8702-4FC9-92B2-659736FB7834}"
EndProject
Project("{9A19103F-16F7-4668-BE54-9A1E7A4F7556}") = "OrderApplication", "OrderApplication\OrderApplication.csproj", "{4A1D8636-0B5E-4723-A854-4D445D32CB0F}"
EndProject
Project("{9A19103F-16F7-4668-BE54-9A1E7A4F7556}") = "OrderServer", "OrderServer\OrderServer.csproj", "{82F53535-F3F5-4346-AD93-7F27458DCD70}"
EndProject
Project("{2150E333-8FDC-42A3-9474-1A3956D46DE8}") = "00.Surging.Core", "00.Surging.Core", "{42E0C6B0-821B-4D11-8C32-DAD9C3338B9A}"
EndProject
Project("{9A19103F-16F7-4668-BE54-9A1E7A4F7556}") = "Surging.Core.Common", "Surging.Core.Common\Surging.Core.Common.csproj", "{B39347DA-FE5F-472A-922A-3145C66EE5D8}"
EndProject
Project("{9A19103F-16F7-4668-BE54-9A1E7A4F7556}") = "Surging.Core.ProxyGenerator", "Surging.Core.ProxyGenerator\Surging.Core.ProxyGenerator.csproj", "{59B56AAC-F28D-4D31-AB55-3CC2BDCA0A85}"
EndProject
Project("{9A19103F-16F7-4668-BE54-9A1E7A4F7556}") = "Surging.Core.ApiGateWay", "Surging.Core.ApiGateWay\Surging.Core.ApiGateWay.csproj", "{9C3FF227-CAE3-456A-9910-110666E26396}"
EndProject
Project("{9A19103F-16F7-4668-BE54-9A1E7A4F7556}") = "Surging.Core.Caching", "Surging.Core.Caching\Surging.Core.Caching.csproj", "{2FD6B082-D537-424D-A715-0812A9DF5760}"
EndProject
Project("{9A19103F-16F7-4668-BE54-9A1E7A4F7556}") = "Surging.Core.Codec.MessagePack", "Surging.Core.Codec.MessagePack\Surging.Core.Codec.MessagePack.csproj", "{0E68501B-787D-4541-907E-DFAD509BA48D}"
EndProject
Project("{9A19103F-16F7-4668-BE54-9A1E7A4F7556}") = "Surging.Core.Codec.ProtoBuffer", "Surging.Core.Codec.ProtoBuffer\Surging.Core.Codec.ProtoBuffer.csproj", "{D5F1171E-37AE-4C91-9BA6-F3BB78739E70}"
EndProject
Project("{9A19103F-16F7-4668-BE54-9A1E7A4F7556}") = "Surging.Core.Consul", "Surging.Core.Consul\Surging.Core.Consul.csproj", "{8568FBAD-77D8-43C5-AC1B-6792228E9FD7}"
EndProject
Project("{9A19103F-16F7-4668-BE54-9A1E7A4F7556}") = "Surging.Core.CPlatform", "Surging.Core.CPlatform\Surging.Core.CPlatform.csproj", "{44E4C08D-2CF5-4407-9ED9-B7A48B796677}"
EndProject
Project("{9A19103F-16F7-4668-BE54-9A1E7A4F7556}") = "Surging.Core.DotNetty", "Surging.Core.DotNetty\Surging.Core.DotNetty.csproj", "{1BD0FA8E-1750-447E-AA3C-184A61AEBDFD}"
EndProject
Project("{9A19103F-16F7-4668-BE54-9A1E7A4F7556}") = "Surging.Core.EventBusKafka", "Surging.Core.EventBusKafka\Surging.Core.EventBusKafka.csproj", "{E85C884F-0EE9-4421-924E-76AFC2C9BF27}"
EndProject
Project("{9A19103F-16F7-4668-BE54-9A1E7A4F7556}") = "Surging.Core.EventBusRabbitMQ", "Surging.Core.EventBusRabbitMQ\Surging.Core.EventBusRabbitMQ.csproj", "{42B51348-424D-4BE7-9E08-50C70FAD49B8}"
EndProject
Project("{9A19103F-16F7-4668-BE54-9A1E7A4F7556}") = "Surging.Core.KestrelHttpServer", "Surging.Core.KestrelHttpServer\Surging.Core.KestrelHttpServer.csproj", "{C341C1C7-EF65-4A09-A72A-67722E9A3558}"
EndProject
Project("{9A19103F-16F7-4668-BE54-9A1E7A4F7556}") = "Surging.Core.Log4net", "Surging.Core.Log4net\Surging.Core.Log4net.csproj", "{443B35B0-1B92-4BF1-85B0-B9645A00ABDE}"
EndProject
Project("{9A19103F-16F7-4668-BE54-9A1E7A4F7556}") = "Surging.Core.Nlog", "Surging.Core.NLog\Surging.Core.Nlog.csproj", "{FD1F5C5A-CB8C-4051-90A2-42697546690D}"
EndProject
Project("{9A19103F-16F7-4668-BE54-9A1E7A4F7556}") = "Surging.Core.Protocol.Http", "Surging.Core.Protocol.Http\Surging.Core.Protocol.Http.csproj", "{A5955CFF-49EC-43D4-9E07-F93C4F2B54C6}"
EndProject
Project("{9A19103F-16F7-4668-BE54-9A1E7A4F7556}") = "Surging.Core.Protocol.WS", "Surging.Core.Protocol.WS\Surging.Core.Protocol.WS.csproj", "{14CC65FA-D9C2-4A25-83A5-593B89DA6C52}"
EndProject
Project("{9A19103F-16F7-4668-BE54-9A1E7A4F7556}") = "Surging.Core.ServiceHosting", "Surging.Core.ServiceHosting\Surging.Core.ServiceHosting.csproj", "{D95F9C45-168A-4956-8EC0-B2354444C47F}"
EndProject
Project("{9A19103F-16F7-4668-BE54-9A1E7A4F7556}") = "Surging.Core.Swagger", "Surging.Core.Swagger\Surging.Core.Swagger.csproj", "{DDB06DC5-2FD9-45FA-B717-8AB3F91B66BD}"
EndProject
Project("{9A19103F-16F7-4668-BE54-9A1E7A4F7556}") = "Surging.Core.Zookeeper", "Surging.Core.Zookeeper\Surging.Core.Zookeeper.csproj", "{335B1AA2-0F6A-4208-8835-B75C9C80992B}"
EndProject
Project("{9A19103F-16F7-4668-BE54-9A1E7A4F7556}") = "WebSocketCore", "WebSocket\WebSocketCore\WebSocketCore.csproj", "{6EB40FE7-212F-4081-A172-45BA0449BD61}"
EndProject
Project("{9A19103F-16F7-4668-BE54-9A1E7A4F7556}") = "Surging.Core.System", "Surging.Core.System\Surging.Core.System.csproj", "{0FCD39CB-B759-4487-BDCA-EDBA6A76416E}"
EndProject
Project("{9A19103F-16F7-4668-BE54-9A1E7A4F7556}") = "Surging.Core.Protocol.Mqtt", "Surging.Core.Protocol.Mqtt\Surging.Core.Protocol.Mqtt.csproj", "{E3A0796F-F853-49AC-A97F-6FFF800C8AD0}"
EndProject
Project("{9A19103F-16F7-4668-BE54-9A1E7A4F7556}") = "Surging.ApiGateway", "Surging.ApiGateway\Surging.ApiGateway.csproj", "{A8BB93CA-17E2-4E19-AA43-24B9D9105400}"
EndProject
Project("{9A19103F-16F7-4668-BE54-9A1E7A4F7556}") = "LZN.Data", "LZN.Data\LZN.Data.csproj", "{BFD3C8E2-6B62-4DF9-AA74-CC3D0E83E7C7}"
EndProject
Project("{9A19103F-16F7-4668-BE54-9A1E7A4F7556}") = "LZN.EntityFramwork", "LZN.EntityFramwork\LZN.EntityFramwork.csproj", "{28371E52-4DD2-4ACE-B225-6F70D313A5FB}"
EndProject
Project("{9A19103F-16F7-4668-BE54-9A1E7A4F7556}") = "LZN.Core", "LZN.Core\LZN.Core.csproj", "{95C53262-EA0C-4685-ABA1-2E4BD81E9BDE}"
EndProject
Global
	GlobalSection(SolutionConfigurationPlatforms) = preSolution
		Debug|Any CPU = Debug|Any CPU
		Release|Any CPU = Release|Any CPU
	EndGlobalSection
	GlobalSection(ProjectConfigurationPlatforms) = postSolution
		{68F01FF0-8702-4FC9-92B2-659736FB7834}.Debug|Any CPU.ActiveCfg = Debug|Any CPU
		{68F01FF0-8702-4FC9-92B2-659736FB7834}.Debug|Any CPU.Build.0 = Debug|Any CPU
		{68F01FF0-8702-4FC9-92B2-659736FB7834}.Release|Any CPU.ActiveCfg = Release|Any CPU
		{68F01FF0-8702-4FC9-92B2-659736FB7834}.Release|Any CPU.Build.0 = Release|Any CPU
		{4A1D8636-0B5E-4723-A854-4D445D32CB0F}.Debug|Any CPU.ActiveCfg = Debug|Any CPU
		{4A1D8636-0B5E-4723-A854-4D445D32CB0F}.Debug|Any CPU.Build.0 = Debug|Any CPU
		{4A1D8636-0B5E-4723-A854-4D445D32CB0F}.Release|Any CPU.ActiveCfg = Release|Any CPU
		{4A1D8636-0B5E-4723-A854-4D445D32CB0F}.Release|Any CPU.Build.0 = Release|Any CPU
		{82F53535-F3F5-4346-AD93-7F27458DCD70}.Debug|Any CPU.ActiveCfg = Debug|Any CPU
		{82F53535-F3F5-4346-AD93-7F27458DCD70}.Debug|Any CPU.Build.0 = Debug|Any CPU
		{82F53535-F3F5-4346-AD93-7F27458DCD70}.Release|Any CPU.ActiveCfg = Release|Any CPU
		{82F53535-F3F5-4346-AD93-7F27458DCD70}.Release|Any CPU.Build.0 = Release|Any CPU
		{B39347DA-FE5F-472A-922A-3145C66EE5D8}.Debug|Any CPU.ActiveCfg = Debug|Any CPU
		{B39347DA-FE5F-472A-922A-3145C66EE5D8}.Debug|Any CPU.Build.0 = Debug|Any CPU
		{B39347DA-FE5F-472A-922A-3145C66EE5D8}.Release|Any CPU.ActiveCfg = Release|Any CPU
		{B39347DA-FE5F-472A-922A-3145C66EE5D8}.Release|Any CPU.Build.0 = Release|Any CPU
		{59B56AAC-F28D-4D31-AB55-3CC2BDCA0A85}.Debug|Any CPU.ActiveCfg = Debug|Any CPU
		{59B56AAC-F28D-4D31-AB55-3CC2BDCA0A85}.Debug|Any CPU.Build.0 = Debug|Any CPU
		{59B56AAC-F28D-4D31-AB55-3CC2BDCA0A85}.Release|Any CPU.ActiveCfg = Release|Any CPU
		{59B56AAC-F28D-4D31-AB55-3CC2BDCA0A85}.Release|Any CPU.Build.0 = Release|Any CPU
		{9C3FF227-CAE3-456A-9910-110666E26396}.Debug|Any CPU.ActiveCfg = Debug|Any CPU
		{9C3FF227-CAE3-456A-9910-110666E26396}.Debug|Any CPU.Build.0 = Debug|Any CPU
		{9C3FF227-CAE3-456A-9910-110666E26396}.Release|Any CPU.ActiveCfg = Release|Any CPU
		{9C3FF227-CAE3-456A-9910-110666E26396}.Release|Any CPU.Build.0 = Release|Any CPU
		{2FD6B082-D537-424D-A715-0812A9DF5760}.Debug|Any CPU.ActiveCfg = Debug|Any CPU
		{2FD6B082-D537-424D-A715-0812A9DF5760}.Debug|Any CPU.Build.0 = Debug|Any CPU
		{2FD6B082-D537-424D-A715-0812A9DF5760}.Release|Any CPU.ActiveCfg = Release|Any CPU
		{2FD6B082-D537-424D-A715-0812A9DF5760}.Release|Any CPU.Build.0 = Release|Any CPU
		{0E68501B-787D-4541-907E-DFAD509BA48D}.Debug|Any CPU.ActiveCfg = Debug|Any CPU
		{0E68501B-787D-4541-907E-DFAD509BA48D}.Debug|Any CPU.Build.0 = Debug|Any CPU
		{0E68501B-787D-4541-907E-DFAD509BA48D}.Release|Any CPU.ActiveCfg = Release|Any CPU
		{0E68501B-787D-4541-907E-DFAD509BA48D}.Release|Any CPU.Build.0 = Release|Any CPU
		{D5F1171E-37AE-4C91-9BA6-F3BB78739E70}.Debug|Any CPU.ActiveCfg = Debug|Any CPU
		{D5F1171E-37AE-4C91-9BA6-F3BB78739E70}.Debug|Any CPU.Build.0 = Debug|Any CPU
		{D5F1171E-37AE-4C91-9BA6-F3BB78739E70}.Release|Any CPU.ActiveCfg = Release|Any CPU
		{D5F1171E-37AE-4C91-9BA6-F3BB78739E70}.Release|Any CPU.Build.0 = Release|Any CPU
		{8568FBAD-77D8-43C5-AC1B-6792228E9FD7}.Debug|Any CPU.ActiveCfg = Debug|Any CPU
		{8568FBAD-77D8-43C5-AC1B-6792228E9FD7}.Debug|Any CPU.Build.0 = Debug|Any CPU
		{8568FBAD-77D8-43C5-AC1B-6792228E9FD7}.Release|Any CPU.ActiveCfg = Release|Any CPU
		{8568FBAD-77D8-43C5-AC1B-6792228E9FD7}.Release|Any CPU.Build.0 = Release|Any CPU
		{44E4C08D-2CF5-4407-9ED9-B7A48B796677}.Debug|Any CPU.ActiveCfg = Debug|Any CPU
		{44E4C08D-2CF5-4407-9ED9-B7A48B796677}.Debug|Any CPU.Build.0 = Debug|Any CPU
		{44E4C08D-2CF5-4407-9ED9-B7A48B796677}.Release|Any CPU.ActiveCfg = Release|Any CPU
		{44E4C08D-2CF5-4407-9ED9-B7A48B796677}.Release|Any CPU.Build.0 = Release|Any CPU
		{1BD0FA8E-1750-447E-AA3C-184A61AEBDFD}.Debug|Any CPU.ActiveCfg = Debug|Any CPU
		{1BD0FA8E-1750-447E-AA3C-184A61AEBDFD}.Debug|Any CPU.Build.0 = Debug|Any CPU
		{1BD0FA8E-1750-447E-AA3C-184A61AEBDFD}.Release|Any CPU.ActiveCfg = Release|Any CPU
		{1BD0FA8E-1750-447E-AA3C-184A61AEBDFD}.Release|Any CPU.Build.0 = Release|Any CPU
		{E85C884F-0EE9-4421-924E-76AFC2C9BF27}.Debug|Any CPU.ActiveCfg = Debug|Any CPU
		{E85C884F-0EE9-4421-924E-76AFC2C9BF27}.Debug|Any CPU.Build.0 = Debug|Any CPU
		{E85C884F-0EE9-4421-924E-76AFC2C9BF27}.Release|Any CPU.ActiveCfg = Release|Any CPU
		{E85C884F-0EE9-4421-924E-76AFC2C9BF27}.Release|Any CPU.Build.0 = Release|Any CPU
		{42B51348-424D-4BE7-9E08-50C70FAD49B8}.Debug|Any CPU.ActiveCfg = Debug|Any CPU
		{42B51348-424D-4BE7-9E08-50C70FAD49B8}.Debug|Any CPU.Build.0 = Debug|Any CPU
		{42B51348-424D-4BE7-9E08-50C70FAD49B8}.Release|Any CPU.ActiveCfg = Release|Any CPU
		{42B51348-424D-4BE7-9E08-50C70FAD49B8}.Release|Any CPU.Build.0 = Release|Any CPU
		{C341C1C7-EF65-4A09-A72A-67722E9A3558}.Debug|Any CPU.ActiveCfg = Debug|Any CPU
		{C341C1C7-EF65-4A09-A72A-67722E9A3558}.Debug|Any CPU.Build.0 = Debug|Any CPU
		{C341C1C7-EF65-4A09-A72A-67722E9A3558}.Release|Any CPU.ActiveCfg = Release|Any CPU
		{C341C1C7-EF65-4A09-A72A-67722E9A3558}.Release|Any CPU.Build.0 = Release|Any CPU
		{443B35B0-1B92-4BF1-85B0-B9645A00ABDE}.Debug|Any CPU.ActiveCfg = Debug|Any CPU
		{443B35B0-1B92-4BF1-85B0-B9645A00ABDE}.Debug|Any CPU.Build.0 = Debug|Any CPU
		{443B35B0-1B92-4BF1-85B0-B9645A00ABDE}.Release|Any CPU.ActiveCfg = Release|Any CPU
		{443B35B0-1B92-4BF1-85B0-B9645A00ABDE}.Release|Any CPU.Build.0 = Release|Any CPU
		{FD1F5C5A-CB8C-4051-90A2-42697546690D}.Debug|Any CPU.ActiveCfg = Debug|Any CPU
		{FD1F5C5A-CB8C-4051-90A2-42697546690D}.Debug|Any CPU.Build.0 = Debug|Any CPU
		{FD1F5C5A-CB8C-4051-90A2-42697546690D}.Release|Any CPU.ActiveCfg = Release|Any CPU
		{FD1F5C5A-CB8C-4051-90A2-42697546690D}.Release|Any CPU.Build.0 = Release|Any CPU
		{A5955CFF-49EC-43D4-9E07-F93C4F2B54C6}.Debug|Any CPU.ActiveCfg = Debug|Any CPU
		{A5955CFF-49EC-43D4-9E07-F93C4F2B54C6}.Debug|Any CPU.Build.0 = Debug|Any CPU
		{A5955CFF-49EC-43D4-9E07-F93C4F2B54C6}.Release|Any CPU.ActiveCfg = Release|Any CPU
		{A5955CFF-49EC-43D4-9E07-F93C4F2B54C6}.Release|Any CPU.Build.0 = Release|Any CPU
		{14CC65FA-D9C2-4A25-83A5-593B89DA6C52}.Debug|Any CPU.ActiveCfg = Debug|Any CPU
		{14CC65FA-D9C2-4A25-83A5-593B89DA6C52}.Debug|Any CPU.Build.0 = Debug|Any CPU
		{14CC65FA-D9C2-4A25-83A5-593B89DA6C52}.Release|Any CPU.ActiveCfg = Release|Any CPU
		{14CC65FA-D9C2-4A25-83A5-593B89DA6C52}.Release|Any CPU.Build.0 = Release|Any CPU
		{D95F9C45-168A-4956-8EC0-B2354444C47F}.Debug|Any CPU.ActiveCfg = Debug|Any CPU
		{D95F9C45-168A-4956-8EC0-B2354444C47F}.Debug|Any CPU.Build.0 = Debug|Any CPU
		{D95F9C45-168A-4956-8EC0-B2354444C47F}.Release|Any CPU.ActiveCfg = Release|Any CPU
		{D95F9C45-168A-4956-8EC0-B2354444C47F}.Release|Any CPU.Build.0 = Release|Any CPU
		{DDB06DC5-2FD9-45FA-B717-8AB3F91B66BD}.Debug|Any CPU.ActiveCfg = Debug|Any CPU
		{DDB06DC5-2FD9-45FA-B717-8AB3F91B66BD}.Debug|Any CPU.Build.0 = Debug|Any CPU
		{DDB06DC5-2FD9-45FA-B717-8AB3F91B66BD}.Release|Any CPU.ActiveCfg = Release|Any CPU
		{DDB06DC5-2FD9-45FA-B717-8AB3F91B66BD}.Release|Any CPU.Build.0 = Release|Any CPU
		{335B1AA2-0F6A-4208-8835-B75C9C80992B}.Debug|Any CPU.ActiveCfg = Debug|Any CPU
		{335B1AA2-0F6A-4208-8835-B75C9C80992B}.Debug|Any CPU.Build.0 = Debug|Any CPU
		{335B1AA2-0F6A-4208-8835-B75C9C80992B}.Release|Any CPU.ActiveCfg = Release|Any CPU
		{335B1AA2-0F6A-4208-8835-B75C9C80992B}.Release|Any CPU.Build.0 = Release|Any CPU
		{6EB40FE7-212F-4081-A172-45BA0449BD61}.Debug|Any CPU.ActiveCfg = Debug|Any CPU
		{6EB40FE7-212F-4081-A172-45BA0449BD61}.Debug|Any CPU.Build.0 = Debug|Any CPU
		{6EB40FE7-212F-4081-A172-45BA0449BD61}.Release|Any CPU.ActiveCfg = Release|Any CPU
		{6EB40FE7-212F-4081-A172-45BA0449BD61}.Release|Any CPU.Build.0 = Release|Any CPU
		{0FCD39CB-B759-4487-BDCA-EDBA6A76416E}.Debug|Any CPU.ActiveCfg = Debug|Any CPU
		{0FCD39CB-B759-4487-BDCA-EDBA6A76416E}.Debug|Any CPU.Build.0 = Debug|Any CPU
		{0FCD39CB-B759-4487-BDCA-EDBA6A76416E}.Release|Any CPU.ActiveCfg = Release|Any CPU
		{0FCD39CB-B759-4487-BDCA-EDBA6A76416E}.Release|Any CPU.Build.0 = Release|Any CPU
		{E3A0796F-F853-49AC-A97F-6FFF800C8AD0}.Debug|Any CPU.ActiveCfg = Debug|Any CPU
		{E3A0796F-F853-49AC-A97F-6FFF800C8AD0}.Debug|Any CPU.Build.0 = Debug|Any CPU
		{E3A0796F-F853-49AC-A97F-6FFF800C8AD0}.Release|Any CPU.ActiveCfg = Release|Any CPU
		{E3A0796F-F853-49AC-A97F-6FFF800C8AD0}.Release|Any CPU.Build.0 = Release|Any CPU
		{A8BB93CA-17E2-4E19-AA43-24B9D9105400}.Debug|Any CPU.ActiveCfg = Debug|Any CPU
		{A8BB93CA-17E2-4E19-AA43-24B9D9105400}.Debug|Any CPU.Build.0 = Debug|Any CPU
		{A8BB93CA-17E2-4E19-AA43-24B9D9105400}.Release|Any CPU.ActiveCfg = Release|Any CPU
		{A8BB93CA-17E2-4E19-AA43-24B9D9105400}.Release|Any CPU.Build.0 = Release|Any CPU
		{BFD3C8E2-6B62-4DF9-AA74-CC3D0E83E7C7}.Debug|Any CPU.ActiveCfg = Debug|Any CPU
		{BFD3C8E2-6B62-4DF9-AA74-CC3D0E83E7C7}.Debug|Any CPU.Build.0 = Debug|Any CPU
		{BFD3C8E2-6B62-4DF9-AA74-CC3D0E83E7C7}.Release|Any CPU.ActiveCfg = Release|Any CPU
		{BFD3C8E2-6B62-4DF9-AA74-CC3D0E83E7C7}.Release|Any CPU.Build.0 = Release|Any CPU
		{28371E52-4DD2-4ACE-B225-6F70D313A5FB}.Debug|Any CPU.ActiveCfg = Debug|Any CPU
		{28371E52-4DD2-4ACE-B225-6F70D313A5FB}.Debug|Any CPU.Build.0 = Debug|Any CPU
		{28371E52-4DD2-4ACE-B225-6F70D313A5FB}.Release|Any CPU.ActiveCfg = Release|Any CPU
		{28371E52-4DD2-4ACE-B225-6F70D313A5FB}.Release|Any CPU.Build.0 = Release|Any CPU
		{95C53262-EA0C-4685-ABA1-2E4BD81E9BDE}.Debug|Any CPU.ActiveCfg = Debug|Any CPU
		{95C53262-EA0C-4685-ABA1-2E4BD81E9BDE}.Debug|Any CPU.Build.0 = Debug|Any CPU
		{95C53262-EA0C-4685-ABA1-2E4BD81E9BDE}.Release|Any CPU.ActiveCfg = Release|Any CPU
		{95C53262-EA0C-4685-ABA1-2E4BD81E9BDE}.Release|Any CPU.Build.0 = Release|Any CPU
	EndGlobalSection
	GlobalSection(SolutionProperties) = preSolution
		HideSolutionNode = FALSE
	EndGlobalSection
	GlobalSection(NestedProjects) = preSolution
		{39FBF026-821F-4CAD-9BD8-13DE849F3E9D} = {1AC8F43B-578F-44FD-9EA2-C363A6018332}
		{68F01FF0-8702-4FC9-92B2-659736FB7834} = {39FBF026-821F-4CAD-9BD8-13DE849F3E9D}
		{4A1D8636-0B5E-4723-A854-4D445D32CB0F} = {39FBF026-821F-4CAD-9BD8-13DE849F3E9D}
		{82F53535-F3F5-4346-AD93-7F27458DCD70} = {0FB5675C-38B9-48A7-B264-F75B360175D4}
		{B39347DA-FE5F-472A-922A-3145C66EE5D8} = {42E0C6B0-821B-4D11-8C32-DAD9C3338B9A}
		{59B56AAC-F28D-4D31-AB55-3CC2BDCA0A85} = {42E0C6B0-821B-4D11-8C32-DAD9C3338B9A}
		{9C3FF227-CAE3-456A-9910-110666E26396} = {42E0C6B0-821B-4D11-8C32-DAD9C3338B9A}
		{2FD6B082-D537-424D-A715-0812A9DF5760} = {42E0C6B0-821B-4D11-8C32-DAD9C3338B9A}
		{0E68501B-787D-4541-907E-DFAD509BA48D} = {42E0C6B0-821B-4D11-8C32-DAD9C3338B9A}
		{D5F1171E-37AE-4C91-9BA6-F3BB78739E70} = {42E0C6B0-821B-4D11-8C32-DAD9C3338B9A}
		{8568FBAD-77D8-43C5-AC1B-6792228E9FD7} = {42E0C6B0-821B-4D11-8C32-DAD9C3338B9A}
		{44E4C08D-2CF5-4407-9ED9-B7A48B796677} = {42E0C6B0-821B-4D11-8C32-DAD9C3338B9A}
		{1BD0FA8E-1750-447E-AA3C-184A61AEBDFD} = {42E0C6B0-821B-4D11-8C32-DAD9C3338B9A}
		{E85C884F-0EE9-4421-924E-76AFC2C9BF27} = {42E0C6B0-821B-4D11-8C32-DAD9C3338B9A}
		{42B51348-424D-4BE7-9E08-50C70FAD49B8} = {42E0C6B0-821B-4D11-8C32-DAD9C3338B9A}
		{C341C1C7-EF65-4A09-A72A-67722E9A3558} = {42E0C6B0-821B-4D11-8C32-DAD9C3338B9A}
		{443B35B0-1B92-4BF1-85B0-B9645A00ABDE} = {42E0C6B0-821B-4D11-8C32-DAD9C3338B9A}
		{FD1F5C5A-CB8C-4051-90A2-42697546690D} = {42E0C6B0-821B-4D11-8C32-DAD9C3338B9A}
		{A5955CFF-49EC-43D4-9E07-F93C4F2B54C6} = {42E0C6B0-821B-4D11-8C32-DAD9C3338B9A}
		{14CC65FA-D9C2-4A25-83A5-593B89DA6C52} = {42E0C6B0-821B-4D11-8C32-DAD9C3338B9A}
		{D95F9C45-168A-4956-8EC0-B2354444C47F} = {42E0C6B0-821B-4D11-8C32-DAD9C3338B9A}
		{DDB06DC5-2FD9-45FA-B717-8AB3F91B66BD} = {42E0C6B0-821B-4D11-8C32-DAD9C3338B9A}
		{335B1AA2-0F6A-4208-8835-B75C9C80992B} = {42E0C6B0-821B-4D11-8C32-DAD9C3338B9A}
		{6EB40FE7-212F-4081-A172-45BA0449BD61} = {42E0C6B0-821B-4D11-8C32-DAD9C3338B9A}
		{0FCD39CB-B759-4487-BDCA-EDBA6A76416E} = {42E0C6B0-821B-4D11-8C32-DAD9C3338B9A}
		{E3A0796F-F853-49AC-A97F-6FFF800C8AD0} = {42E0C6B0-821B-4D11-8C32-DAD9C3338B9A}
		{A8BB93CA-17E2-4E19-AA43-24B9D9105400} = {40736A18-06E6-4019-873D-6B1959E3AB94}
		{BFD3C8E2-6B62-4DF9-AA74-CC3D0E83E7C7} = {FB63EB18-788F-4F7E-8FDA-2AD1B948D077}
		{28371E52-4DD2-4ACE-B225-6F70D313A5FB} = {FB63EB18-788F-4F7E-8FDA-2AD1B948D077}
		{95C53262-EA0C-4685-ABA1-2E4BD81E9BDE} = {274CD71E-136A-4B0E-A31A-832BC62DC843}
	EndGlobalSection
	GlobalSection(ExtensibilityGlobals) = postSolution
		SolutionGuid = {06DBEFE0-3324-46E0-BEB9-4031978DF3BE}
	EndGlobalSection
EndGlobal
