
Microsoft Visual Studio Solution File, Format Version 12.00
# Visual Studio 15
VisualStudioVersion = 15.0.27703.2026
MinimumVisualStudioVersion = 10.0.40219.1
Project("{2150E333-8FDC-42A3-9474-1A3956D46DE8}") = "01.Infrastructure", "01.Infrastructure", "{FB63EB18-788F-4F7E-8FDA-2AD1B948D077}"
EndProject
Project("{2150E333-8FDC-42A3-9474-1A3956D46DE8}") = "02.Domain", "02.Domain", "{274CD71E-136A-4B0E-A31A-832BC62DC843}"
EndProject
Project("{2150E333-8FDC-42A3-9474-1A3956D46DE8}") = "03.Application", "03.Application", "{1AC8F43B-578F-44FD-9EA2-C363A6018332}"
EndProject
Project("{2150E333-8FDC-42A3-9474-1A3956D46DE8}") = "06.Presentation", "06.Presentation", "{40736A18-06E6-4019-873D-6B1959E3AB94}"
EndProject
Project("{2150E333-8FDC-42A3-9474-1A3956D46DE8}") = "05.MicroServices", "05.MicroServices", "{0FB5675C-38B9-48A7-B264-F75B360175D4}"
EndProject
Project("{2150E333-8FDC-42A3-9474-1A3956D46DE8}") = "OrderApplication", "OrderApplication", "{39FBF026-821F-4CAD-9BD8-13DE849F3E9D}"
EndProject
Project("{9A19103F-16F7-4668-BE54-9A1E7A4F7556}") = "MicroService.IApplication.Order", "IOrderApplication\MicroService.IApplication.Order.csproj", "{68F01FF0-8702-4FC9-92B2-659736FB7834}"
EndProject
Project("{9A19103F-16F7-4668-BE54-9A1E7A4F7556}") = "MicroService.Application.Order", "OrderApplication\MicroService.Application.Order.csproj", "{4A1D8636-0B5E-4723-A854-4D445D32CB0F}"
EndProject
Project("{9A19103F-16F7-4668-BE54-9A1E7A4F7556}") = "MicroService.Server.Order", "OrderServer\MicroService.Server.Order.csproj", "{82F53535-F3F5-4346-AD93-7F27458DCD70}"
EndProject
Project("{2150E333-8FDC-42A3-9474-1A3956D46DE8}") = "00.Surging.Core", "00.Surging.Core", "{42E0C6B0-821B-4D11-8C32-DAD9C3338B9A}"
EndProject
Project("{9A19103F-16F7-4668-BE54-9A1E7A4F7556}") = "Surging.Core.Common", "Surging.Core.Common\Surging.Core.Common.csproj", "{B39347DA-FE5F-472A-922A-3145C66EE5D8}"
EndProject
Project("{9A19103F-16F7-4668-BE54-9A1E7A4F7556}") = "Surging.Core.ProxyGenerator", "Surging.Core.ProxyGenerator\Surging.Core.ProxyGenerator.csproj", "{59B56AAC-F28D-4D31-AB55-3CC2BDCA0A85}"
EndProject
Project("{9A19103F-16F7-4668-BE54-9A1E7A4F7556}") = "Surging.Core.ApiGateWay", "Surging.Core.ApiGateWay\Surging.Core.ApiGateWay.csproj", "{9C3FF227-CAE3-456A-9910-110666E26396}"
EndProject
Project("{9A19103F-16F7-4668-BE54-9A1E7A4F7556}") = "Surging.Core.Caching", "Surging.Core.Caching\Surging.Core.Caching.csproj", "{2FD6B082-D537-424D-A715-0812A9DF5760}"
EndProject
Project("{9A19103F-16F7-4668-BE54-9A1E7A4F7556}") = "Surging.Core.Codec.MessagePack", "Surging.Core.Codec.MessagePack\Surging.Core.Codec.MessagePack.csproj", "{0E68501B-787D-4541-907E-DFAD509BA48D}"
EndProject
Project("{9A19103F-16F7-4668-BE54-9A1E7A4F7556}") = "Surging.Core.Codec.ProtoBuffer", "Surging.Core.Codec.ProtoBuffer\Surging.Core.Codec.ProtoBuffer.csproj", "{D5F1171E-37AE-4C91-9BA6-F3BB78739E70}"
EndProject
Project("{9A19103F-16F7-4668-BE54-9A1E7A4F7556}") = "Surging.Core.Consul", "Surging.Core.Consul\Surging.Core.Consul.csproj", "{8568FBAD-77D8-43C5-AC1B-6792228E9FD7}"
EndProject
Project("{9A19103F-16F7-4668-BE54-9A1E7A4F7556}") = "Surging.Core.CPlatform", "Surging.Core.CPlatform\Surging.Core.CPlatform.csproj", "{44E4C08D-2CF5-4407-9ED9-B7A48B796677}"
EndProject
Project("{9A19103F-16F7-4668-BE54-9A1E7A4F7556}") = "Surging.Core.DotNetty", "Surging.Core.DotNetty\Surging.Core.DotNetty.csproj", "{1BD0FA8E-1750-447E-AA3C-184A61AEBDFD}"
EndProject
Project("{9A19103F-16F7-4668-BE54-9A1E7A4F7556}") = "Surging.Core.EventBusKafka", "Surging.Core.EventBusKafka\Surging.Core.EventBusKafka.csproj", "{E85C884F-0EE9-4421-924E-76AFC2C9BF27}"
EndProject
Project("{9A19103F-16F7-4668-BE54-9A1E7A4F7556}") = "Surging.Core.EventBusRabbitMQ", "Surging.Core.EventBusRabbitMQ\Surging.Core.EventBusRabbitMQ.csproj", "{42B51348-424D-4BE7-9E08-50C70FAD49B8}"
EndProject
Project("{9A19103F-16F7-4668-BE54-9A1E7A4F7556}") = "Surging.Core.KestrelHttpServer", "Surging.Core.KestrelHttpServer\Surging.Core.KestrelHttpServer.csproj", "{C341C1C7-EF65-4A09-A72A-67722E9A3558}"
EndProject
Project("{9A19103F-16F7-4668-BE54-9A1E7A4F7556}") = "Surging.Core.Log4net", "Surging.Core.Log4net\Surging.Core.Log4net.csproj", "{443B35B0-1B92-4BF1-85B0-B9645A00ABDE}"
EndProject
Project("{9A19103F-16F7-4668-BE54-9A1E7A4F7556}") = "Surging.Core.Nlog", "Surging.Core.NLog\Surging.Core.Nlog.csproj", "{FD1F5C5A-CB8C-4051-90A2-42697546690D}"
EndProject
Project("{9A19103F-16F7-4668-BE54-9A1E7A4F7556}") = "Surging.Core.Protocol.Http", "Surging.Core.Protocol.Http\Surging.Core.Protocol.Http.csproj", "{A5955CFF-49EC-43D4-9E07-F93C4F2B54C6}"
EndProject
Project("{9A19103F-16F7-4668-BE54-9A1E7A4F7556}") = "Surging.Core.Protocol.WS", "Surging.Core.Protocol.WS\Surging.Core.Protocol.WS.csproj", "{14CC65FA-D9C2-4A25-83A5-593B89DA6C52}"
EndProject
Project("{9A19103F-16F7-4668-BE54-9A1E7A4F7556}") = "Surging.Core.ServiceHosting", "Surging.Core.ServiceHosting\Surging.Core.ServiceHosting.csproj", "{D95F9C45-168A-4956-8EC0-B2354444C47F}"
EndProject
Project("{9A19103F-16F7-4668-BE54-9A1E7A4F7556}") = "Surging.Core.Swagger", "Surging.Core.Swagger\Surging.Core.Swagger.csproj", "{DDB06DC5-2FD9-45FA-B717-8AB3F91B66BD}"
EndProject
Project("{9A19103F-16F7-4668-BE54-9A1E7A4F7556}") = "Surging.Core.Zookeeper", "Surging.Core.Zookeeper\Surging.Core.Zookeeper.csproj", "{335B1AA2-0F6A-4208-8835-B75C9C80992B}"
EndProject
Project("{9A19103F-16F7-4668-BE54-9A1E7A4F7556}") = "WebSocketCore", "WebSocket\WebSocketCore\WebSocketCore.csproj", "{6EB40FE7-212F-4081-A172-45BA0449BD61}"
EndProject
Project("{9A19103F-16F7-4668-BE54-9A1E7A4F7556}") = "Surging.Core.System", "Surging.Core.System\Surging.Core.System.csproj", "{0FCD39CB-B759-4487-BDCA-EDBA6A76416E}"
EndProject
Project("{9A19103F-16F7-4668-BE54-9A1E7A4F7556}") = "Surging.Core.Protocol.Mqtt", "Surging.Core.Protocol.Mqtt\Surging.Core.Protocol.Mqtt.csproj", "{E3A0796F-F853-49AC-A97F-6FFF800C8AD0}"
EndProject
Project("{9A19103F-16F7-4668-BE54-9A1E7A4F7556}") = "Surging.ApiGateway", "Surging.ApiGateway\Surging.ApiGateway.csproj", "{A8BB93CA-17E2-4E19-AA43-24B9D9105400}"
EndProject
Project("{2150E333-8FDC-42A3-9474-1A3956D46DE8}") = "04.Modules", "04.Modules", "{21A61C1A-DF7E-44AC-8F0D-38EE851DF30D}"
EndProject
Project("{2150E333-8FDC-42A3-9474-1A3956D46DE8}") = "OrderModules", "OrderModules", "{98ECE76B-2294-4575-95D4-54BFB8B20B30}"
EndProject
Project("{9A19103F-16F7-4668-BE54-9A1E7A4F7556}") = "MicroService.IModules.Order", "IModules.Order\MicroService.IModules.Order.csproj", "{06BD4CBD-AFC5-49B3-98E3-7CB1342FE194}"
EndProject
Project("{9A19103F-16F7-4668-BE54-9A1E7A4F7556}") = "MicroService.Modules.Order", "Modules.Order\MicroService.Modules.Order.csproj", "{13B467F9-5703-4F60-B9C1-CF44671CB8B8}"
EndProject
Project("{9A19103F-16F7-4668-BE54-9A1E7A4F7556}") = "MicroService.Respository.Order", "OrderRespository\MicroService.Respository.Order.csproj", "{20DCE2E2-7655-46BA-BE0F-A701FFB6FB3C}"
EndProject
Project("{9A19103F-16F7-4668-BE54-9A1E7A4F7556}") = "MicroService.Entity.Order", "OrderEntitiy\MicroService.Entity.Order.csproj", "{6E9CB58B-35C5-42CD-98AE-923C6380EB63}"
EndProject
Project("{2150E333-8FDC-42A3-9474-1A3956D46DE8}") = "OrderDomain", "OrderDomain", "{36E9D9AA-8295-4D75-AC67-08BD2134AAEA}"
EndProject
Project("{9A19103F-16F7-4668-BE54-9A1E7A4F7556}") = "MicroService.IRespository.Order", "IOrderRespository\MicroService.IRespository.Order.csproj", "{8363D2C6-7A67-400D-958E-95181E4B5D79}"
EndProject
Project("{2150E333-8FDC-42A3-9474-1A3956D46DE8}") = "ProductDomain", "ProductDomain", "{B78F96F6-002E-4136-B28F-E805247FA4B5}"
EndProject
Project("{9A19103F-16F7-4668-BE54-9A1E7A4F7556}") = "MicroService.Entity.Product", "MicroService.Entity.Product\MicroService.Entity.Product.csproj", "{534774FF-EF21-48FC-A5DA-67E2C9121275}"
EndProject
Project("{9A19103F-16F7-4668-BE54-9A1E7A4F7556}") = "MicroService.IRespository.Product", "MicroService.IRespository.Product\MicroService.IRespository.Product.csproj", "{C7FB341D-362A-4605-84B2-70F83E3AE6F7}"
EndProject
Project("{9A19103F-16F7-4668-BE54-9A1E7A4F7556}") = "MicroService.Respository.Product", "MicroService.Respository.Product\MicroService.Respository.Product.csproj", "{6F260C0C-FAA4-4C52-A365-DCEA4E14E696}"
EndProject
Project("{2150E333-8FDC-42A3-9474-1A3956D46DE8}") = "ProductApplication", "ProductApplication", "{43193450-07B6-4C6A-BD87-F7820B1CC787}"
EndProject
Project("{9A19103F-16F7-4668-BE54-9A1E7A4F7556}") = "MicroService.IApplication.Product", "MicroService.IApplication.Product\MicroService.IApplication.Product.csproj", "{177A3234-8BBD-4CC9-B127-4B4916800128}"
EndProject
Project("{9A19103F-16F7-4668-BE54-9A1E7A4F7556}") = "MicroService.Application.Product", "MicroService.Application.Product\MicroService.Application.Product.csproj", "{5C184BBD-4E1B-4898-8917-C09DF636AEFB}"
EndProject
Project("{2150E333-8FDC-42A3-9474-1A3956D46DE8}") = "ProductModules", "ProductModules", "{609187C7-4CDA-490A-A88F-859A05390637}"
EndProject
Project("{9A19103F-16F7-4668-BE54-9A1E7A4F7556}") = "MicroService.IModules.Product", "MicroService.IModules.Product\MicroService.IModules.Product.csproj", "{472FD36C-7F2E-4A3C-8F64-98269359430F}"
EndProject
Project("{9A19103F-16F7-4668-BE54-9A1E7A4F7556}") = "MicroService.Modules.Product", "MicroService.Modules.Product\MicroService.Modules.Product.csproj", "{51E0E8B4-6032-450D-BEBA-8BB5E4D29C08}"
EndProject
Project("{9A19103F-16F7-4668-BE54-9A1E7A4F7556}") = "MicroService.Server.Product", "MicroService.Server.Product\MicroService.Server.Product.csproj", "{3F3004BD-96E2-45A6-A1D9-CC558F299BF7}"
EndProject
Project("{2150E333-8FDC-42A3-9474-1A3956D46DE8}") = "OrgModules", "OrgModules", "{E0B46153-9733-4F72-91B6-FDCE9AB10F5B}"
EndProject
Project("{9A19103F-16F7-4668-BE54-9A1E7A4F7556}") = "MicroService.Server.Org", "MicroService.Server.Org\MicroService.Server.Org.csproj", "{11C1C929-CA1A-4C2F-A897-0721A9606B71}"
EndProject
Project("{9A19103F-16F7-4668-BE54-9A1E7A4F7556}") = "MicroService.Modules.Org", "MicroService.Modules.Org\MicroService.Modules.Org.csproj", "{1DEC0412-B692-46D6-9E68-DB65F4B3F7B7}"
EndProject
Project("{9A19103F-16F7-4668-BE54-9A1E7A4F7556}") = "MicroService.IModules.Org", "MicroService.IModules.Org\MicroService.IModules.Org.csproj", "{57E0F4DC-91EC-411D-93E0-663DC1C3EF13}"
EndProject
Project("{2150E333-8FDC-42A3-9474-1A3956D46DE8}") = "OrgDomain", "OrgDomain", "{679F68FC-08B7-4409-910B-4759E4F01C6A}"
EndProject
Project("{9A19103F-16F7-4668-BE54-9A1E7A4F7556}") = "MicroService.Entity.Org", "MicroService.Entity.Org\MicroService.Entity.Org.csproj", "{ABE6A67C-397A-4059-8EAD-01D425D60E0E}"
EndProject
Project("{9A19103F-16F7-4668-BE54-9A1E7A4F7556}") = "MicroService.IRespository.Org", "MicroService.IRespository.Org\MicroService.IRespository.Org.csproj", "{0F7C6023-B032-411A-A658-9AD65EE5054F}"
EndProject
Project("{9A19103F-16F7-4668-BE54-9A1E7A4F7556}") = "MicroService.Respository.Org", "MicroService.Respository.Org\MicroService.Respository.Org.csproj", "{BCC616BB-D3C9-4673-A897-E25BE42E95D8}"
EndProject
Project("{2150E333-8FDC-42A3-9474-1A3956D46DE8}") = "OrgApplication", "OrgApplication", "{52E1F311-B274-4D3C-A797-0BDF352B09BA}"
EndProject
Project("{9A19103F-16F7-4668-BE54-9A1E7A4F7556}") = "MicroService.Application.Org", "MicroService.Application.Org\MicroService.Application.Org.csproj", "{0A738714-B630-4389-8806-2879DC78949A}"
EndProject
Project("{9A19103F-16F7-4668-BE54-9A1E7A4F7556}") = "MicroService.IApplication.Org", "MicroService.IApplication.Org\MicroService.IApplication.Org.csproj", "{8108A203-A77E-4A51-9299-544FDCC89467}"
EndProject
Project("{9A19103F-16F7-4668-BE54-9A1E7A4F7556}") = "MicroService.Data", "MicroService.Data\MicroService.Data.csproj", "{452AA8B5-4D12-48A1-9CC9-C4320A24B7AE}"
EndProject
Project("{9A19103F-16F7-4668-BE54-9A1E7A4F7556}") = "MicroService.Core", "MicroService.Core\MicroService.Core.csproj", "{C0E03898-6290-47FB-B6C4-66C372BF7C59}"
EndProject
Project("{9A19103F-16F7-4668-BE54-9A1E7A4F7556}") = "MicroService.EntityFramwork", "MicroService.EntityFramwork\MicroService.EntityFramwork.csproj", "{2A3BBFEB-A419-4CB6-9FC3-BF059490C612}"
EndProject
Global
	GlobalSection(SolutionConfigurationPlatforms) = preSolution
		Debug|Any CPU = Debug|Any CPU
		Release|Any CPU = Release|Any CPU
	EndGlobalSection
	GlobalSection(ProjectConfigurationPlatforms) = postSolution
		{68F01FF0-8702-4FC9-92B2-659736FB7834}.Debug|Any CPU.ActiveCfg = Debug|Any CPU
		{68F01FF0-8702-4FC9-92B2-659736FB7834}.Debug|Any CPU.Build.0 = Debug|Any CPU
		{68F01FF0-8702-4FC9-92B2-659736FB7834}.Release|Any CPU.ActiveCfg = Release|Any CPU
		{68F01FF0-8702-4FC9-92B2-659736FB7834}.Release|Any CPU.Build.0 = Release|Any CPU
		{4A1D8636-0B5E-4723-A854-4D445D32CB0F}.Debug|Any CPU.ActiveCfg = Debug|Any CPU
		{4A1D8636-0B5E-4723-A854-4D445D32CB0F}.Debug|Any CPU.Build.0 = Debug|Any CPU
		{4A1D8636-0B5E-4723-A854-4D445D32CB0F}.Release|Any CPU.ActiveCfg = Release|Any CPU
		{4A1D8636-0B5E-4723-A854-4D445D32CB0F}.Release|Any CPU.Build.0 = Release|Any CPU
		{82F53535-F3F5-4346-AD93-7F27458DCD70}.Debug|Any CPU.ActiveCfg = Debug|Any CPU
		{82F53535-F3F5-4346-AD93-7F27458DCD70}.Debug|Any CPU.Build.0 = Debug|Any CPU
		{82F53535-F3F5-4346-AD93-7F27458DCD70}.Release|Any CPU.ActiveCfg = Release|Any CPU
		{82F53535-F3F5-4346-AD93-7F27458DCD70}.Release|Any CPU.Build.0 = Release|Any CPU
		{B39347DA-FE5F-472A-922A-3145C66EE5D8}.Debug|Any CPU.ActiveCfg = Debug|Any CPU
		{B39347DA-FE5F-472A-922A-3145C66EE5D8}.Debug|Any CPU.Build.0 = Debug|Any CPU
		{B39347DA-FE5F-472A-922A-3145C66EE5D8}.Release|Any CPU.ActiveCfg = Release|Any CPU
		{B39347DA-FE5F-472A-922A-3145C66EE5D8}.Release|Any CPU.Build.0 = Release|Any CPU
		{59B56AAC-F28D-4D31-AB55-3CC2BDCA0A85}.Debug|Any CPU.ActiveCfg = Debug|Any CPU
		{59B56AAC-F28D-4D31-AB55-3CC2BDCA0A85}.Debug|Any CPU.Build.0 = Debug|Any CPU
		{59B56AAC-F28D-4D31-AB55-3CC2BDCA0A85}.Release|Any CPU.ActiveCfg = Release|Any CPU
		{59B56AAC-F28D-4D31-AB55-3CC2BDCA0A85}.Release|Any CPU.Build.0 = Release|Any CPU
		{9C3FF227-CAE3-456A-9910-110666E26396}.Debug|Any CPU.ActiveCfg = Debug|Any CPU
		{9C3FF227-CAE3-456A-9910-110666E26396}.Debug|Any CPU.Build.0 = Debug|Any CPU
		{9C3FF227-CAE3-456A-9910-110666E26396}.Release|Any CPU.ActiveCfg = Release|Any CPU
		{9C3FF227-CAE3-456A-9910-110666E26396}.Release|Any CPU.Build.0 = Release|Any CPU
		{2FD6B082-D537-424D-A715-0812A9DF5760}.Debug|Any CPU.ActiveCfg = Debug|Any CPU
		{2FD6B082-D537-424D-A715-0812A9DF5760}.Debug|Any CPU.Build.0 = Debug|Any CPU
		{2FD6B082-D537-424D-A715-0812A9DF5760}.Release|Any CPU.ActiveCfg = Release|Any CPU
		{2FD6B082-D537-424D-A715-0812A9DF5760}.Release|Any CPU.Build.0 = Release|Any CPU
		{0E68501B-787D-4541-907E-DFAD509BA48D}.Debug|Any CPU.ActiveCfg = Debug|Any CPU
		{0E68501B-787D-4541-907E-DFAD509BA48D}.Debug|Any CPU.Build.0 = Debug|Any CPU
		{0E68501B-787D-4541-907E-DFAD509BA48D}.Release|Any CPU.ActiveCfg = Release|Any CPU
		{0E68501B-787D-4541-907E-DFAD509BA48D}.Release|Any CPU.Build.0 = Release|Any CPU
		{D5F1171E-37AE-4C91-9BA6-F3BB78739E70}.Debug|Any CPU.ActiveCfg = Debug|Any CPU
		{D5F1171E-37AE-4C91-9BA6-F3BB78739E70}.Debug|Any CPU.Build.0 = Debug|Any CPU
		{D5F1171E-37AE-4C91-9BA6-F3BB78739E70}.Release|Any CPU.ActiveCfg = Release|Any CPU
		{D5F1171E-37AE-4C91-9BA6-F3BB78739E70}.Release|Any CPU.Build.0 = Release|Any CPU
		{8568FBAD-77D8-43C5-AC1B-6792228E9FD7}.Debug|Any CPU.ActiveCfg = Debug|Any CPU
		{8568FBAD-77D8-43C5-AC1B-6792228E9FD7}.Debug|Any CPU.Build.0 = Debug|Any CPU
		{8568FBAD-77D8-43C5-AC1B-6792228E9FD7}.Release|Any CPU.ActiveCfg = Release|Any CPU
		{8568FBAD-77D8-43C5-AC1B-6792228E9FD7}.Release|Any CPU.Build.0 = Release|Any CPU
		{44E4C08D-2CF5-4407-9ED9-B7A48B796677}.Debug|Any CPU.ActiveCfg = Debug|Any CPU
		{44E4C08D-2CF5-4407-9ED9-B7A48B796677}.Debug|Any CPU.Build.0 = Debug|Any CPU
		{44E4C08D-2CF5-4407-9ED9-B7A48B796677}.Release|Any CPU.ActiveCfg = Release|Any CPU
		{44E4C08D-2CF5-4407-9ED9-B7A48B796677}.Release|Any CPU.Build.0 = Release|Any CPU
		{1BD0FA8E-1750-447E-AA3C-184A61AEBDFD}.Debug|Any CPU.ActiveCfg = Debug|Any CPU
		{1BD0FA8E-1750-447E-AA3C-184A61AEBDFD}.Debug|Any CPU.Build.0 = Debug|Any CPU
		{1BD0FA8E-1750-447E-AA3C-184A61AEBDFD}.Release|Any CPU.ActiveCfg = Release|Any CPU
		{1BD0FA8E-1750-447E-AA3C-184A61AEBDFD}.Release|Any CPU.Build.0 = Release|Any CPU
		{E85C884F-0EE9-4421-924E-76AFC2C9BF27}.Debug|Any CPU.ActiveCfg = Debug|Any CPU
		{E85C884F-0EE9-4421-924E-76AFC2C9BF27}.Debug|Any CPU.Build.0 = Debug|Any CPU
		{E85C884F-0EE9-4421-924E-76AFC2C9BF27}.Release|Any CPU.ActiveCfg = Release|Any CPU
		{E85C884F-0EE9-4421-924E-76AFC2C9BF27}.Release|Any CPU.Build.0 = Release|Any CPU
		{42B51348-424D-4BE7-9E08-50C70FAD49B8}.Debug|Any CPU.ActiveCfg = Debug|Any CPU
		{42B51348-424D-4BE7-9E08-50C70FAD49B8}.Debug|Any CPU.Build.0 = Debug|Any CPU
		{42B51348-424D-4BE7-9E08-50C70FAD49B8}.Release|Any CPU.ActiveCfg = Release|Any CPU
		{42B51348-424D-4BE7-9E08-50C70FAD49B8}.Release|Any CPU.Build.0 = Release|Any CPU
		{C341C1C7-EF65-4A09-A72A-67722E9A3558}.Debug|Any CPU.ActiveCfg = Debug|Any CPU
		{C341C1C7-EF65-4A09-A72A-67722E9A3558}.Debug|Any CPU.Build.0 = Debug|Any CPU
		{C341C1C7-EF65-4A09-A72A-67722E9A3558}.Release|Any CPU.ActiveCfg = Release|Any CPU
		{C341C1C7-EF65-4A09-A72A-67722E9A3558}.Release|Any CPU.Build.0 = Release|Any CPU
		{443B35B0-1B92-4BF1-85B0-B9645A00ABDE}.Debug|Any CPU.ActiveCfg = Debug|Any CPU
		{443B35B0-1B92-4BF1-85B0-B9645A00ABDE}.Debug|Any CPU.Build.0 = Debug|Any CPU
		{443B35B0-1B92-4BF1-85B0-B9645A00ABDE}.Release|Any CPU.ActiveCfg = Release|Any CPU
		{443B35B0-1B92-4BF1-85B0-B9645A00ABDE}.Release|Any CPU.Build.0 = Release|Any CPU
		{FD1F5C5A-CB8C-4051-90A2-42697546690D}.Debug|Any CPU.ActiveCfg = Debug|Any CPU
		{FD1F5C5A-CB8C-4051-90A2-42697546690D}.Debug|Any CPU.Build.0 = Debug|Any CPU
		{FD1F5C5A-CB8C-4051-90A2-42697546690D}.Release|Any CPU.ActiveCfg = Release|Any CPU
		{FD1F5C5A-CB8C-4051-90A2-42697546690D}.Release|Any CPU.Build.0 = Release|Any CPU
		{A5955CFF-49EC-43D4-9E07-F93C4F2B54C6}.Debug|Any CPU.ActiveCfg = Debug|Any CPU
		{A5955CFF-49EC-43D4-9E07-F93C4F2B54C6}.Debug|Any CPU.Build.0 = Debug|Any CPU
		{A5955CFF-49EC-43D4-9E07-F93C4F2B54C6}.Release|Any CPU.ActiveCfg = Release|Any CPU
		{A5955CFF-49EC-43D4-9E07-F93C4F2B54C6}.Release|Any CPU.Build.0 = Release|Any CPU
		{14CC65FA-D9C2-4A25-83A5-593B89DA6C52}.Debug|Any CPU.ActiveCfg = Debug|Any CPU
		{14CC65FA-D9C2-4A25-83A5-593B89DA6C52}.Debug|Any CPU.Build.0 = Debug|Any CPU
		{14CC65FA-D9C2-4A25-83A5-593B89DA6C52}.Release|Any CPU.ActiveCfg = Release|Any CPU
		{14CC65FA-D9C2-4A25-83A5-593B89DA6C52}.Release|Any CPU.Build.0 = Release|Any CPU
		{D95F9C45-168A-4956-8EC0-B2354444C47F}.Debug|Any CPU.ActiveCfg = Debug|Any CPU
		{D95F9C45-168A-4956-8EC0-B2354444C47F}.Debug|Any CPU.Build.0 = Debug|Any CPU
		{D95F9C45-168A-4956-8EC0-B2354444C47F}.Release|Any CPU.ActiveCfg = Release|Any CPU
		{D95F9C45-168A-4956-8EC0-B2354444C47F}.Release|Any CPU.Build.0 = Release|Any CPU
		{DDB06DC5-2FD9-45FA-B717-8AB3F91B66BD}.Debug|Any CPU.ActiveCfg = Debug|Any CPU
		{DDB06DC5-2FD9-45FA-B717-8AB3F91B66BD}.Debug|Any CPU.Build.0 = Debug|Any CPU
		{DDB06DC5-2FD9-45FA-B717-8AB3F91B66BD}.Release|Any CPU.ActiveCfg = Release|Any CPU
		{DDB06DC5-2FD9-45FA-B717-8AB3F91B66BD}.Release|Any CPU.Build.0 = Release|Any CPU
		{335B1AA2-0F6A-4208-8835-B75C9C80992B}.Debug|Any CPU.ActiveCfg = Debug|Any CPU
		{335B1AA2-0F6A-4208-8835-B75C9C80992B}.Debug|Any CPU.Build.0 = Debug|Any CPU
		{335B1AA2-0F6A-4208-8835-B75C9C80992B}.Release|Any CPU.ActiveCfg = Release|Any CPU
		{335B1AA2-0F6A-4208-8835-B75C9C80992B}.Release|Any CPU.Build.0 = Release|Any CPU
		{6EB40FE7-212F-4081-A172-45BA0449BD61}.Debug|Any CPU.ActiveCfg = Debug|Any CPU
		{6EB40FE7-212F-4081-A172-45BA0449BD61}.Debug|Any CPU.Build.0 = Debug|Any CPU
		{6EB40FE7-212F-4081-A172-45BA0449BD61}.Release|Any CPU.ActiveCfg = Release|Any CPU
		{6EB40FE7-212F-4081-A172-45BA0449BD61}.Release|Any CPU.Build.0 = Release|Any CPU
		{0FCD39CB-B759-4487-BDCA-EDBA6A76416E}.Debug|Any CPU.ActiveCfg = Debug|Any CPU
		{0FCD39CB-B759-4487-BDCA-EDBA6A76416E}.Debug|Any CPU.Build.0 = Debug|Any CPU
		{0FCD39CB-B759-4487-BDCA-EDBA6A76416E}.Release|Any CPU.ActiveCfg = Release|Any CPU
		{0FCD39CB-B759-4487-BDCA-EDBA6A76416E}.Release|Any CPU.Build.0 = Release|Any CPU
		{E3A0796F-F853-49AC-A97F-6FFF800C8AD0}.Debug|Any CPU.ActiveCfg = Debug|Any CPU
		{E3A0796F-F853-49AC-A97F-6FFF800C8AD0}.Debug|Any CPU.Build.0 = Debug|Any CPU
		{E3A0796F-F853-49AC-A97F-6FFF800C8AD0}.Release|Any CPU.ActiveCfg = Release|Any CPU
		{E3A0796F-F853-49AC-A97F-6FFF800C8AD0}.Release|Any CPU.Build.0 = Release|Any CPU
		{A8BB93CA-17E2-4E19-AA43-24B9D9105400}.Debug|Any CPU.ActiveCfg = Debug|Any CPU
		{A8BB93CA-17E2-4E19-AA43-24B9D9105400}.Debug|Any CPU.Build.0 = Debug|Any CPU
		{A8BB93CA-17E2-4E19-AA43-24B9D9105400}.Release|Any CPU.ActiveCfg = Release|Any CPU
		{A8BB93CA-17E2-4E19-AA43-24B9D9105400}.Release|Any CPU.Build.0 = Release|Any CPU
		{06BD4CBD-AFC5-49B3-98E3-7CB1342FE194}.Debug|Any CPU.ActiveCfg = Debug|Any CPU
		{06BD4CBD-AFC5-49B3-98E3-7CB1342FE194}.Debug|Any CPU.Build.0 = Debug|Any CPU
		{06BD4CBD-AFC5-49B3-98E3-7CB1342FE194}.Release|Any CPU.ActiveCfg = Release|Any CPU
		{06BD4CBD-AFC5-49B3-98E3-7CB1342FE194}.Release|Any CPU.Build.0 = Release|Any CPU
		{13B467F9-5703-4F60-B9C1-CF44671CB8B8}.Debug|Any CPU.ActiveCfg = Debug|Any CPU
		{13B467F9-5703-4F60-B9C1-CF44671CB8B8}.Debug|Any CPU.Build.0 = Debug|Any CPU
		{13B467F9-5703-4F60-B9C1-CF44671CB8B8}.Release|Any CPU.ActiveCfg = Release|Any CPU
		{13B467F9-5703-4F60-B9C1-CF44671CB8B8}.Release|Any CPU.Build.0 = Release|Any CPU
		{20DCE2E2-7655-46BA-BE0F-A701FFB6FB3C}.Debug|Any CPU.ActiveCfg = Debug|Any CPU
		{20DCE2E2-7655-46BA-BE0F-A701FFB6FB3C}.Debug|Any CPU.Build.0 = Debug|Any CPU
		{20DCE2E2-7655-46BA-BE0F-A701FFB6FB3C}.Release|Any CPU.ActiveCfg = Release|Any CPU
		{20DCE2E2-7655-46BA-BE0F-A701FFB6FB3C}.Release|Any CPU.Build.0 = Release|Any CPU
		{6E9CB58B-35C5-42CD-98AE-923C6380EB63}.Debug|Any CPU.ActiveCfg = Debug|Any CPU
		{6E9CB58B-35C5-42CD-98AE-923C6380EB63}.Debug|Any CPU.Build.0 = Debug|Any CPU
		{6E9CB58B-35C5-42CD-98AE-923C6380EB63}.Release|Any CPU.ActiveCfg = Release|Any CPU
		{6E9CB58B-35C5-42CD-98AE-923C6380EB63}.Release|Any CPU.Build.0 = Release|Any CPU
		{8363D2C6-7A67-400D-958E-95181E4B5D79}.Debug|Any CPU.ActiveCfg = Debug|Any CPU
		{8363D2C6-7A67-400D-958E-95181E4B5D79}.Debug|Any CPU.Build.0 = Debug|Any CPU
		{8363D2C6-7A67-400D-958E-95181E4B5D79}.Release|Any CPU.ActiveCfg = Release|Any CPU
		{8363D2C6-7A67-400D-958E-95181E4B5D79}.Release|Any CPU.Build.0 = Release|Any CPU
		{534774FF-EF21-48FC-A5DA-67E2C9121275}.Debug|Any CPU.ActiveCfg = Debug|Any CPU
		{534774FF-EF21-48FC-A5DA-67E2C9121275}.Debug|Any CPU.Build.0 = Debug|Any CPU
		{534774FF-EF21-48FC-A5DA-67E2C9121275}.Release|Any CPU.ActiveCfg = Release|Any CPU
		{534774FF-EF21-48FC-A5DA-67E2C9121275}.Release|Any CPU.Build.0 = Release|Any CPU
		{C7FB341D-362A-4605-84B2-70F83E3AE6F7}.Debug|Any CPU.ActiveCfg = Debug|Any CPU
		{C7FB341D-362A-4605-84B2-70F83E3AE6F7}.Debug|Any CPU.Build.0 = Debug|Any CPU
		{C7FB341D-362A-4605-84B2-70F83E3AE6F7}.Release|Any CPU.ActiveCfg = Release|Any CPU
		{C7FB341D-362A-4605-84B2-70F83E3AE6F7}.Release|Any CPU.Build.0 = Release|Any CPU
		{6F260C0C-FAA4-4C52-A365-DCEA4E14E696}.Debug|Any CPU.ActiveCfg = Debug|Any CPU
		{6F260C0C-FAA4-4C52-A365-DCEA4E14E696}.Debug|Any CPU.Build.0 = Debug|Any CPU
		{6F260C0C-FAA4-4C52-A365-DCEA4E14E696}.Release|Any CPU.ActiveCfg = Release|Any CPU
		{6F260C0C-FAA4-4C52-A365-DCEA4E14E696}.Release|Any CPU.Build.0 = Release|Any CPU
		{177A3234-8BBD-4CC9-B127-4B4916800128}.Debug|Any CPU.ActiveCfg = Debug|Any CPU
		{177A3234-8BBD-4CC9-B127-4B4916800128}.Debug|Any CPU.Build.0 = Debug|Any CPU
		{177A3234-8BBD-4CC9-B127-4B4916800128}.Release|Any CPU.ActiveCfg = Release|Any CPU
		{177A3234-8BBD-4CC9-B127-4B4916800128}.Release|Any CPU.Build.0 = Release|Any CPU
		{5C184BBD-4E1B-4898-8917-C09DF636AEFB}.Debug|Any CPU.ActiveCfg = Debug|Any CPU
		{5C184BBD-4E1B-4898-8917-C09DF636AEFB}.Debug|Any CPU.Build.0 = Debug|Any CPU
		{5C184BBD-4E1B-4898-8917-C09DF636AEFB}.Release|Any CPU.ActiveCfg = Release|Any CPU
		{5C184BBD-4E1B-4898-8917-C09DF636AEFB}.Release|Any CPU.Build.0 = Release|Any CPU
		{472FD36C-7F2E-4A3C-8F64-98269359430F}.Debug|Any CPU.ActiveCfg = Debug|Any CPU
		{472FD36C-7F2E-4A3C-8F64-98269359430F}.Debug|Any CPU.Build.0 = Debug|Any CPU
		{472FD36C-7F2E-4A3C-8F64-98269359430F}.Release|Any CPU.ActiveCfg = Release|Any CPU
		{472FD36C-7F2E-4A3C-8F64-98269359430F}.Release|Any CPU.Build.0 = Release|Any CPU
		{51E0E8B4-6032-450D-BEBA-8BB5E4D29C08}.Debug|Any CPU.ActiveCfg = Debug|Any CPU
		{51E0E8B4-6032-450D-BEBA-8BB5E4D29C08}.Debug|Any CPU.Build.0 = Debug|Any CPU
		{51E0E8B4-6032-450D-BEBA-8BB5E4D29C08}.Release|Any CPU.ActiveCfg = Release|Any CPU
		{51E0E8B4-6032-450D-BEBA-8BB5E4D29C08}.Release|Any CPU.Build.0 = Release|Any CPU
		{3F3004BD-96E2-45A6-A1D9-CC558F299BF7}.Debug|Any CPU.ActiveCfg = Debug|Any CPU
		{3F3004BD-96E2-45A6-A1D9-CC558F299BF7}.Debug|Any CPU.Build.0 = Debug|Any CPU
		{3F3004BD-96E2-45A6-A1D9-CC558F299BF7}.Release|Any CPU.ActiveCfg = Release|Any CPU
		{3F3004BD-96E2-45A6-A1D9-CC558F299BF7}.Release|Any CPU.Build.0 = Release|Any CPU
		{11C1C929-CA1A-4C2F-A897-0721A9606B71}.Debug|Any CPU.ActiveCfg = Debug|Any CPU
		{11C1C929-CA1A-4C2F-A897-0721A9606B71}.Debug|Any CPU.Build.0 = Debug|Any CPU
		{11C1C929-CA1A-4C2F-A897-0721A9606B71}.Release|Any CPU.ActiveCfg = Release|Any CPU
		{11C1C929-CA1A-4C2F-A897-0721A9606B71}.Release|Any CPU.Build.0 = Release|Any CPU
		{1DEC0412-B692-46D6-9E68-DB65F4B3F7B7}.Debug|Any CPU.ActiveCfg = Debug|Any CPU
		{1DEC0412-B692-46D6-9E68-DB65F4B3F7B7}.Debug|Any CPU.Build.0 = Debug|Any CPU
		{1DEC0412-B692-46D6-9E68-DB65F4B3F7B7}.Release|Any CPU.ActiveCfg = Release|Any CPU
		{1DEC0412-B692-46D6-9E68-DB65F4B3F7B7}.Release|Any CPU.Build.0 = Release|Any CPU
		{57E0F4DC-91EC-411D-93E0-663DC1C3EF13}.Debug|Any CPU.ActiveCfg = Debug|Any CPU
		{57E0F4DC-91EC-411D-93E0-663DC1C3EF13}.Debug|Any CPU.Build.0 = Debug|Any CPU
		{57E0F4DC-91EC-411D-93E0-663DC1C3EF13}.Release|Any CPU.ActiveCfg = Release|Any CPU
		{57E0F4DC-91EC-411D-93E0-663DC1C3EF13}.Release|Any CPU.Build.0 = Release|Any CPU
		{ABE6A67C-397A-4059-8EAD-01D425D60E0E}.Debug|Any CPU.ActiveCfg = Debug|Any CPU
		{ABE6A67C-397A-4059-8EAD-01D425D60E0E}.Debug|Any CPU.Build.0 = Debug|Any CPU
		{ABE6A67C-397A-4059-8EAD-01D425D60E0E}.Release|Any CPU.ActiveCfg = Release|Any CPU
		{ABE6A67C-397A-4059-8EAD-01D425D60E0E}.Release|Any CPU.Build.0 = Release|Any CPU
		{0F7C6023-B032-411A-A658-9AD65EE5054F}.Debug|Any CPU.ActiveCfg = Debug|Any CPU
		{0F7C6023-B032-411A-A658-9AD65EE5054F}.Debug|Any CPU.Build.0 = Debug|Any CPU
		{0F7C6023-B032-411A-A658-9AD65EE5054F}.Release|Any CPU.ActiveCfg = Release|Any CPU
		{0F7C6023-B032-411A-A658-9AD65EE5054F}.Release|Any CPU.Build.0 = Release|Any CPU
		{BCC616BB-D3C9-4673-A897-E25BE42E95D8}.Debug|Any CPU.ActiveCfg = Debug|Any CPU
		{BCC616BB-D3C9-4673-A897-E25BE42E95D8}.Debug|Any CPU.Build.0 = Debug|Any CPU
		{BCC616BB-D3C9-4673-A897-E25BE42E95D8}.Release|Any CPU.ActiveCfg = Release|Any CPU
		{BCC616BB-D3C9-4673-A897-E25BE42E95D8}.Release|Any CPU.Build.0 = Release|Any CPU
		{0A738714-B630-4389-8806-2879DC78949A}.Debug|Any CPU.ActiveCfg = Debug|Any CPU
		{0A738714-B630-4389-8806-2879DC78949A}.Debug|Any CPU.Build.0 = Debug|Any CPU
		{0A738714-B630-4389-8806-2879DC78949A}.Release|Any CPU.ActiveCfg = Release|Any CPU
		{0A738714-B630-4389-8806-2879DC78949A}.Release|Any CPU.Build.0 = Release|Any CPU
		{8108A203-A77E-4A51-9299-544FDCC89467}.Debug|Any CPU.ActiveCfg = Debug|Any CPU
		{8108A203-A77E-4A51-9299-544FDCC89467}.Debug|Any CPU.Build.0 = Debug|Any CPU
		{8108A203-A77E-4A51-9299-544FDCC89467}.Release|Any CPU.ActiveCfg = Release|Any CPU
		{8108A203-A77E-4A51-9299-544FDCC89467}.Release|Any CPU.Build.0 = Release|Any CPU
		{452AA8B5-4D12-48A1-9CC9-C4320A24B7AE}.Debug|Any CPU.ActiveCfg = Debug|Any CPU
		{452AA8B5-4D12-48A1-9CC9-C4320A24B7AE}.Debug|Any CPU.Build.0 = Debug|Any CPU
		{452AA8B5-4D12-48A1-9CC9-C4320A24B7AE}.Release|Any CPU.ActiveCfg = Release|Any CPU
		{452AA8B5-4D12-48A1-9CC9-C4320A24B7AE}.Release|Any CPU.Build.0 = Release|Any CPU
		{C0E03898-6290-47FB-B6C4-66C372BF7C59}.Debug|Any CPU.ActiveCfg = Debug|Any CPU
		{C0E03898-6290-47FB-B6C4-66C372BF7C59}.Debug|Any CPU.Build.0 = Debug|Any CPU
		{C0E03898-6290-47FB-B6C4-66C372BF7C59}.Release|Any CPU.ActiveCfg = Release|Any CPU
		{C0E03898-6290-47FB-B6C4-66C372BF7C59}.Release|Any CPU.Build.0 = Release|Any CPU
		{2A3BBFEB-A419-4CB6-9FC3-BF059490C612}.Debug|Any CPU.ActiveCfg = Debug|Any CPU
		{2A3BBFEB-A419-4CB6-9FC3-BF059490C612}.Debug|Any CPU.Build.0 = Debug|Any CPU
		{2A3BBFEB-A419-4CB6-9FC3-BF059490C612}.Release|Any CPU.ActiveCfg = Release|Any CPU
		{2A3BBFEB-A419-4CB6-9FC3-BF059490C612}.Release|Any CPU.Build.0 = Release|Any CPU
	EndGlobalSection
	GlobalSection(SolutionProperties) = preSolution
		HideSolutionNode = FALSE
	EndGlobalSection
	GlobalSection(NestedProjects) = preSolution
		{39FBF026-821F-4CAD-9BD8-13DE849F3E9D} = {1AC8F43B-578F-44FD-9EA2-C363A6018332}
		{68F01FF0-8702-4FC9-92B2-659736FB7834} = {39FBF026-821F-4CAD-9BD8-13DE849F3E9D}
		{4A1D8636-0B5E-4723-A854-4D445D32CB0F} = {39FBF026-821F-4CAD-9BD8-13DE849F3E9D}
		{82F53535-F3F5-4346-AD93-7F27458DCD70} = {0FB5675C-38B9-48A7-B264-F75B360175D4}
		{B39347DA-FE5F-472A-922A-3145C66EE5D8} = {42E0C6B0-821B-4D11-8C32-DAD9C3338B9A}
		{59B56AAC-F28D-4D31-AB55-3CC2BDCA0A85} = {42E0C6B0-821B-4D11-8C32-DAD9C3338B9A}
		{9C3FF227-CAE3-456A-9910-110666E26396} = {42E0C6B0-821B-4D11-8C32-DAD9C3338B9A}
		{2FD6B082-D537-424D-A715-0812A9DF5760} = {42E0C6B0-821B-4D11-8C32-DAD9C3338B9A}
		{0E68501B-787D-4541-907E-DFAD509BA48D} = {42E0C6B0-821B-4D11-8C32-DAD9C3338B9A}
		{D5F1171E-37AE-4C91-9BA6-F3BB78739E70} = {42E0C6B0-821B-4D11-8C32-DAD9C3338B9A}
		{8568FBAD-77D8-43C5-AC1B-6792228E9FD7} = {42E0C6B0-821B-4D11-8C32-DAD9C3338B9A}
		{44E4C08D-2CF5-4407-9ED9-B7A48B796677} = {42E0C6B0-821B-4D11-8C32-DAD9C3338B9A}
		{1BD0FA8E-1750-447E-AA3C-184A61AEBDFD} = {42E0C6B0-821B-4D11-8C32-DAD9C3338B9A}
		{E85C884F-0EE9-4421-924E-76AFC2C9BF27} = {42E0C6B0-821B-4D11-8C32-DAD9C3338B9A}
		{42B51348-424D-4BE7-9E08-50C70FAD49B8} = {42E0C6B0-821B-4D11-8C32-DAD9C3338B9A}
		{C341C1C7-EF65-4A09-A72A-67722E9A3558} = {42E0C6B0-821B-4D11-8C32-DAD9C3338B9A}
		{443B35B0-1B92-4BF1-85B0-B9645A00ABDE} = {42E0C6B0-821B-4D11-8C32-DAD9C3338B9A}
		{FD1F5C5A-CB8C-4051-90A2-42697546690D} = {42E0C6B0-821B-4D11-8C32-DAD9C3338B9A}
		{A5955CFF-49EC-43D4-9E07-F93C4F2B54C6} = {42E0C6B0-821B-4D11-8C32-DAD9C3338B9A}
		{14CC65FA-D9C2-4A25-83A5-593B89DA6C52} = {42E0C6B0-821B-4D11-8C32-DAD9C3338B9A}
		{D95F9C45-168A-4956-8EC0-B2354444C47F} = {42E0C6B0-821B-4D11-8C32-DAD9C3338B9A}
		{DDB06DC5-2FD9-45FA-B717-8AB3F91B66BD} = {42E0C6B0-821B-4D11-8C32-DAD9C3338B9A}
		{335B1AA2-0F6A-4208-8835-B75C9C80992B} = {42E0C6B0-821B-4D11-8C32-DAD9C3338B9A}
		{6EB40FE7-212F-4081-A172-45BA0449BD61} = {42E0C6B0-821B-4D11-8C32-DAD9C3338B9A}
		{0FCD39CB-B759-4487-BDCA-EDBA6A76416E} = {42E0C6B0-821B-4D11-8C32-DAD9C3338B9A}
		{E3A0796F-F853-49AC-A97F-6FFF800C8AD0} = {42E0C6B0-821B-4D11-8C32-DAD9C3338B9A}
		{A8BB93CA-17E2-4E19-AA43-24B9D9105400} = {40736A18-06E6-4019-873D-6B1959E3AB94}
		{98ECE76B-2294-4575-95D4-54BFB8B20B30} = {21A61C1A-DF7E-44AC-8F0D-38EE851DF30D}
		{06BD4CBD-AFC5-49B3-98E3-7CB1342FE194} = {98ECE76B-2294-4575-95D4-54BFB8B20B30}
		{13B467F9-5703-4F60-B9C1-CF44671CB8B8} = {98ECE76B-2294-4575-95D4-54BFB8B20B30}
		{20DCE2E2-7655-46BA-BE0F-A701FFB6FB3C} = {36E9D9AA-8295-4D75-AC67-08BD2134AAEA}
		{6E9CB58B-35C5-42CD-98AE-923C6380EB63} = {36E9D9AA-8295-4D75-AC67-08BD2134AAEA}
		{36E9D9AA-8295-4D75-AC67-08BD2134AAEA} = {274CD71E-136A-4B0E-A31A-832BC62DC843}
		{8363D2C6-7A67-400D-958E-95181E4B5D79} = {36E9D9AA-8295-4D75-AC67-08BD2134AAEA}
		{B78F96F6-002E-4136-B28F-E805247FA4B5} = {274CD71E-136A-4B0E-A31A-832BC62DC843}
		{534774FF-EF21-48FC-A5DA-67E2C9121275} = {B78F96F6-002E-4136-B28F-E805247FA4B5}
		{C7FB341D-362A-4605-84B2-70F83E3AE6F7} = {B78F96F6-002E-4136-B28F-E805247FA4B5}
		{6F260C0C-FAA4-4C52-A365-DCEA4E14E696} = {B78F96F6-002E-4136-B28F-E805247FA4B5}
		{43193450-07B6-4C6A-BD87-F7820B1CC787} = {1AC8F43B-578F-44FD-9EA2-C363A6018332}
		{177A3234-8BBD-4CC9-B127-4B4916800128} = {43193450-07B6-4C6A-BD87-F7820B1CC787}
		{5C184BBD-4E1B-4898-8917-C09DF636AEFB} = {43193450-07B6-4C6A-BD87-F7820B1CC787}
		{609187C7-4CDA-490A-A88F-859A05390637} = {21A61C1A-DF7E-44AC-8F0D-38EE851DF30D}
		{472FD36C-7F2E-4A3C-8F64-98269359430F} = {609187C7-4CDA-490A-A88F-859A05390637}
		{51E0E8B4-6032-450D-BEBA-8BB5E4D29C08} = {609187C7-4CDA-490A-A88F-859A05390637}
		{3F3004BD-96E2-45A6-A1D9-CC558F299BF7} = {0FB5675C-38B9-48A7-B264-F75B360175D4}
		{E0B46153-9733-4F72-91B6-FDCE9AB10F5B} = {21A61C1A-DF7E-44AC-8F0D-38EE851DF30D}
		{11C1C929-CA1A-4C2F-A897-0721A9606B71} = {0FB5675C-38B9-48A7-B264-F75B360175D4}
		{1DEC0412-B692-46D6-9E68-DB65F4B3F7B7} = {E0B46153-9733-4F72-91B6-FDCE9AB10F5B}
		{57E0F4DC-91EC-411D-93E0-663DC1C3EF13} = {E0B46153-9733-4F72-91B6-FDCE9AB10F5B}
		{679F68FC-08B7-4409-910B-4759E4F01C6A} = {274CD71E-136A-4B0E-A31A-832BC62DC843}
		{ABE6A67C-397A-4059-8EAD-01D425D60E0E} = {679F68FC-08B7-4409-910B-4759E4F01C6A}
		{0F7C6023-B032-411A-A658-9AD65EE5054F} = {679F68FC-08B7-4409-910B-4759E4F01C6A}
		{BCC616BB-D3C9-4673-A897-E25BE42E95D8} = {679F68FC-08B7-4409-910B-4759E4F01C6A}
		{52E1F311-B274-4D3C-A797-0BDF352B09BA} = {1AC8F43B-578F-44FD-9EA2-C363A6018332}
		{0A738714-B630-4389-8806-2879DC78949A} = {52E1F311-B274-4D3C-A797-0BDF352B09BA}
		{8108A203-A77E-4A51-9299-544FDCC89467} = {52E1F311-B274-4D3C-A797-0BDF352B09BA}
		{452AA8B5-4D12-48A1-9CC9-C4320A24B7AE} = {FB63EB18-788F-4F7E-8FDA-2AD1B948D077}
		{C0E03898-6290-47FB-B6C4-66C372BF7C59} = {FB63EB18-788F-4F7E-8FDA-2AD1B948D077}
		{2A3BBFEB-A419-4CB6-9FC3-BF059490C612} = {FB63EB18-788F-4F7E-8FDA-2AD1B948D077}
	EndGlobalSection
	GlobalSection(ExtensibilityGlobals) = postSolution
		SolutionGuid = {06DBEFE0-3324-46E0-BEB9-4031978DF3BE}
	EndGlobalSection
EndGlobal
